
Microsoft Visual Studio Solution File, Format Version 12.00
# Visual Studio Version 17
VisualStudioVersion = 17.14.36203.30 d17.14
MinimumVisualStudioVersion = 10.0.40219.1
Project("{FAE04EC0-301F-11D3-BF4B-00C04F79EFBC}") = "Project-c#", "Project-c#.csproj", "{639D5DC2-BF28-4E15-AFD1-FF03AED2ED7F}"
EndProject
Global
	GlobalSection(SolutionConfigurationPlatforms) = preSolution
		Debug|Any CPU = Debug|Any CPU
		Release|Any CPU = Release|Any CPU
	EndGlobalSection
	GlobalSection(ProjectConfigurationPlatforms) = postSolution
		{639D5DC2-BF28-4E15-AFD1-FF03AED2ED7F}.Debug|Any CPU.ActiveCfg = Debug|Any CPU
		{639D5DC2-BF28-4E15-AFD1-FF03AED2ED7F}.Debug|Any CPU.Build.0 = Debug|Any CPU
		{639D5DC2-BF28-4E15-AFD1-FF03AED2ED7F}.Release|Any CPU.ActiveCfg = Release|Any CPU
		{639D5DC2-BF28-4E15-AFD1-FF03AED2ED7F}.Release|Any CPU.Build.0 = Release|Any CPU
	EndGlobalSection
	GlobalSection(SolutionProperties) = preSolution
		HideSolutionNode = FALSE
	EndGlobalSection
	GlobalSection(ExtensibilityGlobals) = postSolution
		SolutionGuid = {C8C3281B-8B66-4327-921E-6B0EB9287E1C}
	EndGlobalSection
EndGlobal
